// !$*UTF8*$!
{
	archiveVersion = 1;
	classes = {
	};
	objectVersion = 46;
	objects = {

/* Begin PBXBuildFile section */
		A9805DFBBCDBF972938C4E9F /* Pods.framework in Frameworks */ = {isa = PBXBuildFile; fileRef = 49916345FB8099606C40CB62 /* Pods.framework */; };
		C27506201C5F8B6900C71520 /* Main.storyboard in Resources */ = {isa = PBXBuildFile; fileRef = C275061F1C5F8B6900C71520 /* Main.storyboard */; };
		C27506221C5F8FB800C71520 /* BindDisposeViewController.swift in Sources */ = {isa = PBXBuildFile; fileRef = C27506211C5F8FB800C71520 /* BindDisposeViewController.swift */; };
		C27506241C5F907100C71520 /* BindDisposeVM.swift in Sources */ = {isa = PBXBuildFile; fileRef = C27506231C5F907100C71520 /* BindDisposeVM.swift */; };
		C2809E961C60DD39003DEB8F /* TextInputTableCell.swift in Sources */ = {isa = PBXBuildFile; fileRef = C2809E951C60DD39003DEB8F /* TextInputTableCell.swift */; };
		C2809E981C60DE01003DEB8F /* SwitchTableCell.swift in Sources */ = {isa = PBXBuildFile; fileRef = C2809E971C60DE01003DEB8F /* SwitchTableCell.swift */; };
		C2809E9A1C60DFFA003DEB8F /* TextInputTableCellVM.swift in Sources */ = {isa = PBXBuildFile; fileRef = C2809E991C60DFFA003DEB8F /* TextInputTableCellVM.swift */; };
		C2809E9C1C60E093003DEB8F /* SwitchTableCellVM.swift in Sources */ = {isa = PBXBuildFile; fileRef = C2809E9B1C60E093003DEB8F /* SwitchTableCellVM.swift */; };
		C2809E9E1C60E109003DEB8F /* BasicTableCellVM.swift in Sources */ = {isa = PBXBuildFile; fileRef = C2809E9D1C60E109003DEB8F /* BasicTableCellVM.swift */; };
		C2809EA01C60E180003DEB8F /* TableViewCellBindViewController.swift in Sources */ = {isa = PBXBuildFile; fileRef = C2809E9F1C60E180003DEB8F /* TableViewCellBindViewController.swift */; };
		C29CB6341C5C8AA000212AF7 /* AppDelegate.swift in Sources */ = {isa = PBXBuildFile; fileRef = C29CB6331C5C8AA000212AF7 /* AppDelegate.swift */; };
		C29CB63D1C5C8AA000212AF7 /* Assets.xcassets in Resources */ = {isa = PBXBuildFile; fileRef = C29CB63C1C5C8AA000212AF7 /* Assets.xcassets */; };
		C29CB6401C5C8AA000212AF7 /* LaunchScreen.storyboard in Resources */ = {isa = PBXBuildFile; fileRef = C29CB63E1C5C8AA000212AF7 /* LaunchScreen.storyboard */; };
		C29CB64B1C5C8AA100212AF7 /* BondTutorialTests.swift in Sources */ = {isa = PBXBuildFile; fileRef = C29CB64A1C5C8AA100212AF7 /* BondTutorialTests.swift */; };
		C29CB6581C5DB7D700212AF7 /* SignUpViewController.swift in Sources */ = {isa = PBXBuildFile; fileRef = C29CB6571C5DB7D700212AF7 /* SignUpViewController.swift */; };
		C29CB65E1C5DBA8600212AF7 /* SignUpVM.swift in Sources */ = {isa = PBXBuildFile; fileRef = C29CB65D1C5DBA8600212AF7 /* SignUpVM.swift */; };
		C29CB6601C5DF9C400212AF7 /* MessageSendViewController.swift in Sources */ = {isa = PBXBuildFile; fileRef = C29CB65F1C5DF9C400212AF7 /* MessageSendViewController.swift */; };
		C29CB6621C5DFBEB00212AF7 /* MessageSendVM.swift in Sources */ = {isa = PBXBuildFile; fileRef = C29CB6611C5DFBEB00212AF7 /* MessageSendVM.swift */; };
		C2BD3BA81C68C02400E320DB /* TableViewDataDetailViewcontroller.swift in Sources */ = {isa = PBXBuildFile; fileRef = C2BD3BA61C68C02400E320DB /* TableViewDataDetailViewcontroller.swift */; };
		C2BD3BA91C68C02400E320DB /* TableViewFromObservableArrayTableViewController.swift in Sources */ = {isa = PBXBuildFile; fileRef = C2BD3BA71C68C02400E320DB /* TableViewFromObservableArrayTableViewController.swift */; };
/* End PBXBuildFile section */

/* Begin PBXContainerItemProxy section */
		C29CB6471C5C8AA100212AF7 /* PBXContainerItemProxy */ = {
			isa = PBXContainerItemProxy;
			containerPortal = C29CB6281C5C8AA000212AF7 /* Project object */;
			proxyType = 1;
			remoteGlobalIDString = C29CB62F1C5C8AA000212AF7;
			remoteInfo = BondTutorial;
		};
/* End PBXContainerItemProxy section */

/* Begin PBXFileReference section */
		49916345FB8099606C40CB62 /* Pods.framework */ = {isa = PBXFileReference; explicitFileType = wrapper.framework; includeInIndex = 0; path = Pods.framework; sourceTree = BUILT_PRODUCTS_DIR; };
		65670097D86D6C6F01DDED14 /* Pods.release.xcconfig */ = {isa = PBXFileReference; includeInIndex = 1; lastKnownFileType = text.xcconfig; name = Pods.release.xcconfig; path = "Pods/Target Support Files/Pods/Pods.release.xcconfig"; sourceTree = "<group>"; };
		9604EBA986898AA28FA324AC /* Pods.debug.xcconfig */ = {isa = PBXFileReference; includeInIndex = 1; lastKnownFileType = text.xcconfig; name = Pods.debug.xcconfig; path = "Pods/Target Support Files/Pods/Pods.debug.xcconfig"; sourceTree = "<group>"; };
		C275061F1C5F8B6900C71520 /* Main.storyboard */ = {isa = PBXFileReference; fileEncoding = 4; lastKnownFileType = file.storyboard; path = Main.storyboard; sourceTree = "<group>"; };
		C27506211C5F8FB800C71520 /* BindDisposeViewController.swift */ = {isa = PBXFileReference; fileEncoding = 4; lastKnownFileType = sourcecode.swift; path = BindDisposeViewController.swift; sourceTree = "<group>"; };
		C27506231C5F907100C71520 /* BindDisposeVM.swift */ = {isa = PBXFileReference; fileEncoding = 4; lastKnownFileType = sourcecode.swift; path = BindDisposeVM.swift; sourceTree = "<group>"; };
		C2809E951C60DD39003DEB8F /* TextInputTableCell.swift */ = {isa = PBXFileReference; fileEncoding = 4; lastKnownFileType = sourcecode.swift; path = TextInputTableCell.swift; sourceTree = "<group>"; };
		C2809E971C60DE01003DEB8F /* SwitchTableCell.swift */ = {isa = PBXFileReference; fileEncoding = 4; lastKnownFileType = sourcecode.swift; path = SwitchTableCell.swift; sourceTree = "<group>"; };
		C2809E991C60DFFA003DEB8F /* TextInputTableCellVM.swift */ = {isa = PBXFileReference; fileEncoding = 4; lastKnownFileType = sourcecode.swift; path = TextInputTableCellVM.swift; sourceTree = "<group>"; };
		C2809E9B1C60E093003DEB8F /* SwitchTableCellVM.swift */ = {isa = PBXFileReference; fileEncoding = 4; lastKnownFileType = sourcecode.swift; path = SwitchTableCellVM.swift; sourceTree = "<group>"; };
		C2809E9D1C60E109003DEB8F /* BasicTableCellVM.swift */ = {isa = PBXFileReference; fileEncoding = 4; lastKnownFileType = sourcecode.swift; path = BasicTableCellVM.swift; sourceTree = "<group>"; };
		C2809E9F1C60E180003DEB8F /* TableViewCellBindViewController.swift */ = {isa = PBXFileReference; fileEncoding = 4; lastKnownFileType = sourcecode.swift; path = TableViewCellBindViewController.swift; sourceTree = "<group>"; };
		C29CB6301C5C8AA000212AF7 /* BondTutorial.app */ = {isa = PBXFileReference; explicitFileType = wrapper.application; includeInIndex = 0; path = BondTutorial.app; sourceTree = BUILT_PRODUCTS_DIR; };
		C29CB6331C5C8AA000212AF7 /* AppDelegate.swift */ = {isa = PBXFileReference; lastKnownFileType = sourcecode.swift; path = AppDelegate.swift; sourceTree = "<group>"; };
		C29CB63C1C5C8AA000212AF7 /* Assets.xcassets */ = {isa = PBXFileReference; lastKnownFileType = folder.assetcatalog; path = Assets.xcassets; sourceTree = "<group>"; };
		C29CB63F1C5C8AA000212AF7 /* Base */ = {isa = PBXFileReference; lastKnownFileType = file.storyboard; name = Base; path = Base.lproj/LaunchScreen.storyboard; sourceTree = "<group>"; };
		C29CB6411C5C8AA000212AF7 /* Info.plist */ = {isa = PBXFileReference; lastKnownFileType = text.plist.xml; path = Info.plist; sourceTree = "<group>"; };
		C29CB6461C5C8AA100212AF7 /* BondTutorialTests.xctest */ = {isa = PBXFileReference; explicitFileType = wrapper.cfbundle; includeInIndex = 0; path = BondTutorialTests.xctest; sourceTree = BUILT_PRODUCTS_DIR; };
		C29CB64A1C5C8AA100212AF7 /* BondTutorialTests.swift */ = {isa = PBXFileReference; lastKnownFileType = sourcecode.swift; path = BondTutorialTests.swift; sourceTree = "<group>"; };
		C29CB64C1C5C8AA100212AF7 /* Info.plist */ = {isa = PBXFileReference; lastKnownFileType = text.plist.xml; path = Info.plist; sourceTree = "<group>"; };
		C29CB6571C5DB7D700212AF7 /* SignUpViewController.swift */ = {isa = PBXFileReference; fileEncoding = 4; lastKnownFileType = sourcecode.swift; path = SignUpViewController.swift; sourceTree = "<group>"; };
		C29CB65D1C5DBA8600212AF7 /* SignUpVM.swift */ = {isa = PBXFileReference; fileEncoding = 4; lastKnownFileType = sourcecode.swift; path = SignUpVM.swift; sourceTree = "<group>"; };
		C29CB65F1C5DF9C400212AF7 /* MessageSendViewController.swift */ = {isa = PBXFileReference; fileEncoding = 4; lastKnownFileType = sourcecode.swift; path = MessageSendViewController.swift; sourceTree = "<group>"; };
		C29CB6611C5DFBEB00212AF7 /* MessageSendVM.swift */ = {isa = PBXFileReference; fileEncoding = 4; lastKnownFileType = sourcecode.swift; path = MessageSendVM.swift; sourceTree = "<group>"; };
		C2BD3BA61C68C02400E320DB /* TableViewDataDetailViewcontroller.swift */ = {isa = PBXFileReference; fileEncoding = 4; lastKnownFileType = sourcecode.swift; path = TableViewDataDetailViewcontroller.swift; sourceTree = "<group>"; };
		C2BD3BA71C68C02400E320DB /* TableViewFromObservableArrayTableViewController.swift */ = {isa = PBXFileReference; fileEncoding = 4; lastKnownFileType = sourcecode.swift; path = TableViewFromObservableArrayTableViewController.swift; sourceTree = "<group>"; };
/* End PBXFileReference section */

/* Begin PBXFrameworksBuildPhase section */
		C29CB62D1C5C8AA000212AF7 /* Frameworks */ = {
			isa = PBXFrameworksBuildPhase;
			buildActionMask = 2147483647;
			files = (
				A9805DFBBCDBF972938C4E9F /* Pods.framework in Frameworks */,
			);
			runOnlyForDeploymentPostprocessing = 0;
		};
		C29CB6431C5C8AA100212AF7 /* Frameworks */ = {
			isa = PBXFrameworksBuildPhase;
			buildActionMask = 2147483647;
			files = (
			);
			runOnlyForDeploymentPostprocessing = 0;
		};
/* End PBXFrameworksBuildPhase section */

/* Begin PBXGroup section */
		6CFD57E1D2A2828064B55A25 /* Pods */ = {
			isa = PBXGroup;
			children = (
				9604EBA986898AA28FA324AC /* Pods.debug.xcconfig */,
				65670097D86D6C6F01DDED14 /* Pods.release.xcconfig */,
			);
			name = Pods;
			sourceTree = "<group>";
		};
		A08AEDB90611855A2B1838BE /* Frameworks */ = {
			isa = PBXGroup;
			children = (
				49916345FB8099606C40CB62 /* Pods.framework */,
			);
			name = Frameworks;
			sourceTree = "<group>";
		};
		C2809E941C60DD12003DEB8F /* View */ = {
			isa = PBXGroup;
			children = (
				C2809E951C60DD39003DEB8F /* TextInputTableCell.swift */,
				C2809E971C60DE01003DEB8F /* SwitchTableCell.swift */,
			);
			path = View;
			sourceTree = "<group>";
		};
		C29CB6271C5C8AA000212AF7 = {
			isa = PBXGroup;
			children = (
				C29CB6321C5C8AA000212AF7 /* BondTutorial */,
				C29CB6491C5C8AA100212AF7 /* BondTutorialTests */,
				C29CB6311C5C8AA000212AF7 /* Products */,
				6CFD57E1D2A2828064B55A25 /* Pods */,
				A08AEDB90611855A2B1838BE /* Frameworks */,
			);
			sourceTree = "<group>";
		};
		C29CB6311C5C8AA000212AF7 /* Products */ = {
			isa = PBXGroup;
			children = (
				C29CB6301C5C8AA000212AF7 /* BondTutorial.app */,
				C29CB6461C5C8AA100212AF7 /* BondTutorialTests.xctest */,
			);
			name = Products;
			sourceTree = "<group>";
		};
		C29CB6321C5C8AA000212AF7 /* BondTutorial */ = {
			isa = PBXGroup;
			children = (
				C29CB6331C5C8AA000212AF7 /* AppDelegate.swift */,
				C29CB6551C5C8E8C00212AF7 /* View */,
				C29CB65B1C5DB81B00212AF7 /* ViewModel */,
				C29CB63C1C5C8AA000212AF7 /* Assets.xcassets */,
				C29CB63E1C5C8AA000212AF7 /* LaunchScreen.storyboard */,
				C29CB6411C5C8AA000212AF7 /* Info.plist */,
			);
			path = BondTutorial;
			sourceTree = "<group>";
		};
		C29CB6491C5C8AA100212AF7 /* BondTutorialTests */ = {
			isa = PBXGroup;
			children = (
				C29CB64A1C5C8AA100212AF7 /* BondTutorialTests.swift */,
				C29CB64C1C5C8AA100212AF7 /* Info.plist */,
			);
			path = BondTutorialTests;
			sourceTree = "<group>";
		};
		C29CB6551C5C8E8C00212AF7 /* View */ = {
			isa = PBXGroup;
			children = (
				C2809E941C60DD12003DEB8F /* View */,
				C29CB6591C5DB7ED00212AF7 /* Storyboard */,
				C29CB6561C5DB69800212AF7 /* ViewController */,
			);
			path = View;
			sourceTree = "<group>";
		};
		C29CB6561C5DB69800212AF7 /* ViewController */ = {
			isa = PBXGroup;
			children = (
				C2BD3BA61C68C02400E320DB /* TableViewDataDetailViewcontroller.swift */,
				C2BD3BA71C68C02400E320DB /* TableViewFromObservableArrayTableViewController.swift */,
				C29CB6571C5DB7D700212AF7 /* SignUpViewController.swift */,
				C29CB65F1C5DF9C400212AF7 /* MessageSendViewController.swift */,
				C27506211C5F8FB800C71520 /* BindDisposeViewController.swift */,
				C2809E9F1C60E180003DEB8F /* TableViewCellBindViewController.swift */,
			);
			path = ViewController;
			sourceTree = "<group>";
		};
		C29CB6591C5DB7ED00212AF7 /* Storyboard */ = {
			isa = PBXGroup;
			children = (
				C275061F1C5F8B6900C71520 /* Main.storyboard */,
			);
			path = Storyboard;
			sourceTree = "<group>";
		};
		C29CB65B1C5DB81B00212AF7 /* ViewModel */ = {
			isa = PBXGroup;
			children = (
				C29CB65D1C5DBA8600212AF7 /* SignUpVM.swift */,
				C29CB6611C5DFBEB00212AF7 /* MessageSendVM.swift */,
				C27506231C5F907100C71520 /* BindDisposeVM.swift */,
				C2809E991C60DFFA003DEB8F /* TextInputTableCellVM.swift */,
				C2809E9B1C60E093003DEB8F /* SwitchTableCellVM.swift */,
				C2809E9D1C60E109003DEB8F /* BasicTableCellVM.swift */,
			);
			path = ViewModel;
			sourceTree = "<group>";
		};
/* End PBXGroup section */

/* Begin PBXNativeTarget section */
		C29CB62F1C5C8AA000212AF7 /* BondTutorial */ = {
			isa = PBXNativeTarget;
			buildConfigurationList = C29CB64F1C5C8AA100212AF7 /* Build configuration list for PBXNativeTarget "BondTutorial" */;
			buildPhases = (
				95F19DE239A2F62A65CA78A3 /* Check Pods Manifest.lock */,
				C29CB62C1C5C8AA000212AF7 /* Sources */,
				C29CB62D1C5C8AA000212AF7 /* Frameworks */,
				C29CB62E1C5C8AA000212AF7 /* Resources */,
				B63B306B44FE86FA52150B2F /* Embed Pods Frameworks */,
				23703FB511750EDF3ACE994A /* Copy Pods Resources */,
			);
			buildRules = (
			);
			dependencies = (
			);
			name = BondTutorial;
			productName = BondTutorial;
			productReference = C29CB6301C5C8AA000212AF7 /* BondTutorial.app */;
			productType = "com.apple.product-type.application";
		};
		C29CB6451C5C8AA100212AF7 /* BondTutorialTests */ = {
			isa = PBXNativeTarget;
			buildConfigurationList = C29CB6521C5C8AA100212AF7 /* Build configuration list for PBXNativeTarget "BondTutorialTests" */;
			buildPhases = (
				C29CB6421C5C8AA100212AF7 /* Sources */,
				C29CB6431C5C8AA100212AF7 /* Frameworks */,
				C29CB6441C5C8AA100212AF7 /* Resources */,
			);
			buildRules = (
			);
			dependencies = (
				C29CB6481C5C8AA100212AF7 /* PBXTargetDependency */,
			);
			name = BondTutorialTests;
			productName = BondTutorialTests;
			productReference = C29CB6461C5C8AA100212AF7 /* BondTutorialTests.xctest */;
			productType = "com.apple.product-type.bundle.unit-test";
		};
/* End PBXNativeTarget section */

/* Begin PBXProject section */
		C29CB6281C5C8AA000212AF7 /* Project object */ = {
			isa = PBXProject;
			attributes = {
				LastSwiftUpdateCheck = 0720;
				LastUpgradeCheck = 0720;
				ORGANIZATIONNAME = hachinobu;
				TargetAttributes = {
					C29CB62F1C5C8AA000212AF7 = {
						CreatedOnToolsVersion = 7.2;
					};
					C29CB6451C5C8AA100212AF7 = {
						CreatedOnToolsVersion = 7.2;
						TestTargetID = C29CB62F1C5C8AA000212AF7;
					};
				};
			};
			buildConfigurationList = C29CB62B1C5C8AA000212AF7 /* Build configuration list for PBXProject "BondTutorial" */;
			compatibilityVersion = "Xcode 3.2";
			developmentRegion = English;
			hasScannedForEncodings = 0;
			knownRegions = (
				en,
				Base,
			);
			mainGroup = C29CB6271C5C8AA000212AF7;
			productRefGroup = C29CB6311C5C8AA000212AF7 /* Products */;
			projectDirPath = "";
			projectRoot = "";
			targets = (
				C29CB62F1C5C8AA000212AF7 /* BondTutorial */,
				C29CB6451C5C8AA100212AF7 /* BondTutorialTests */,
			);
		};
/* End PBXProject section */

/* Begin PBXResourcesBuildPhase section */
		C29CB62E1C5C8AA000212AF7 /* Resources */ = {
			isa = PBXResourcesBuildPhase;
			buildActionMask = 2147483647;
			files = (
				C27506201C5F8B6900C71520 /* Main.storyboard in Resources */,
				C29CB6401C5C8AA000212AF7 /* LaunchScreen.storyboard in Resources */,
				C29CB63D1C5C8AA000212AF7 /* Assets.xcassets in Resources */,
			);
			runOnlyForDeploymentPostprocessing = 0;
		};
		C29CB6441C5C8AA100212AF7 /* Resources */ = {
			isa = PBXResourcesBuildPhase;
			buildActionMask = 2147483647;
			files = (
			);
			runOnlyForDeploymentPostprocessing = 0;
		};
/* End PBXResourcesBuildPhase section */

/* Begin PBXShellScriptBuildPhase section */
		23703FB511750EDF3ACE994A /* Copy Pods Resources */ = {
			isa = PBXShellScriptBuildPhase;
			buildActionMask = 2147483647;
			files = (
			);
			inputPaths = (
			);
			name = "Copy Pods Resources";
			outputPaths = (
			);
			runOnlyForDeploymentPostprocessing = 0;
			shellPath = /bin/sh;
			shellScript = "\"${SRCROOT}/Pods/Target Support Files/Pods/Pods-resources.sh\"\n";
			showEnvVarsInLog = 0;
		};
		95F19DE239A2F62A65CA78A3 /* Check Pods Manifest.lock */ = {
			isa = PBXShellScriptBuildPhase;
			buildActionMask = 2147483647;
			files = (
			);
			inputPaths = (
			);
			name = "Check Pods Manifest.lock";
			outputPaths = (
			);
			runOnlyForDeploymentPostprocessing = 0;
			shellPath = /bin/sh;
			shellScript = "diff \"${PODS_ROOT}/../Podfile.lock\" \"${PODS_ROOT}/Manifest.lock\" > /dev/null\nif [[ $? != 0 ]] ; then\n    cat << EOM\nerror: The sandbox is not in sync with the Podfile.lock. Run 'pod install' or update your CocoaPods installation.\nEOM\n    exit 1\nfi\n";
			showEnvVarsInLog = 0;
		};
		B63B306B44FE86FA52150B2F /* Embed Pods Frameworks */ = {
			isa = PBXShellScriptBuildPhase;
			buildActionMask = 2147483647;
			files = (
			);
			inputPaths = (
			);
			name = "Embed Pods Frameworks";
			outputPaths = (
			);
			runOnlyForDeploymentPostprocessing = 0;
			shellPath = /bin/sh;
			shellScript = "\"${SRCROOT}/Pods/Target Support Files/Pods/Pods-frameworks.sh\"\n";
			showEnvVarsInLog = 0;
		};
/* End PBXShellScriptBuildPhase section */

/* Begin PBXSourcesBuildPhase section */
		C29CB62C1C5C8AA000212AF7 /* Sources */ = {
			isa = PBXSourcesBuildPhase;
			buildActionMask = 2147483647;
			files = (
				C2809E961C60DD39003DEB8F /* TextInputTableCell.swift in Sources */,
				C2BD3BA81C68C02400E320DB /* TableViewDataDetailViewcontroller.swift in Sources */,
				C2809E9A1C60DFFA003DEB8F /* TextInputTableCellVM.swift in Sources */,
				C2809E981C60DE01003DEB8F /* SwitchTableCell.swift in Sources */,
				C29CB6601C5DF9C400212AF7 /* MessageSendViewController.swift in Sources */,
				C29CB6621C5DFBEB00212AF7 /* MessageSendVM.swift in Sources */,
				C2BD3BA91C68C02400E320DB /* TableViewFromObservableArrayTableViewController.swift in Sources */,
				C2809E9C1C60E093003DEB8F /* SwitchTableCellVM.swift in Sources */,
				C2809E9E1C60E109003DEB8F /* BasicTableCellVM.swift in Sources */,
				C29CB6581C5DB7D700212AF7 /* SignUpViewController.swift in Sources */,
				C29CB65E1C5DBA8600212AF7 /* SignUpVM.swift in Sources */,
				C27506241C5F907100C71520 /* BindDisposeVM.swift in Sources */,
				C2809EA01C60E180003DEB8F /* TableViewCellBindViewController.swift in Sources */,
				C29CB6341C5C8AA000212AF7 /* AppDelegate.swift in Sources */,
				C27506221C5F8FB800C71520 /* BindDisposeViewController.swift in Sources */,
			);
			runOnlyForDeploymentPostprocessing = 0;
		};
		C29CB6421C5C8AA100212AF7 /* Sources */ = {
			isa = PBXSourcesBuildPhase;
			buildActionMask = 2147483647;
			files = (
				C29CB64B1C5C8AA100212AF7 /* BondTutorialTests.swift in Sources */,
			);
			runOnlyForDeploymentPostprocessing = 0;
		};
/* End PBXSourcesBuildPhase section */

/* Begin PBXTargetDependency section */
		C29CB6481C5C8AA100212AF7 /* PBXTargetDependency */ = {
			isa = PBXTargetDependency;
			target = C29CB62F1C5C8AA000212AF7 /* BondTutorial */;
			targetProxy = C29CB6471C5C8AA100212AF7 /* PBXContainerItemProxy */;
		};
/* End PBXTargetDependency section */

/* Begin PBXVariantGroup section */
		C29CB63E1C5C8AA000212AF7 /* LaunchScreen.storyboard */ = {
			isa = PBXVariantGroup;
			children = (
				C29CB63F1C5C8AA000212AF7 /* Base */,
			);
			name = LaunchScreen.storyboard;
			sourceTree = "<group>";
		};
/* End PBXVariantGroup section */

/* Begin XCBuildConfiguration section */
		C29CB64D1C5C8AA100212AF7 /* Debug */ = {
			isa = XCBuildConfiguration;
			buildSettings = {
				ALWAYS_SEARCH_USER_PATHS = NO;
				CLANG_CXX_LANGUAGE_STANDARD = "gnu++0x";
				CLANG_CXX_LIBRARY = "libc++";
				CLANG_ENABLE_MODULES = YES;
				CLANG_ENABLE_OBJC_ARC = YES;
				CLANG_WARN_BOOL_CONVERSION = YES;
				CLANG_WARN_CONSTANT_CONVERSION = YES;
				CLANG_WARN_DIRECT_OBJC_ISA_USAGE = YES_ERROR;
				CLANG_WARN_EMPTY_BODY = YES;
				CLANG_WARN_ENUM_CONVERSION = YES;
				CLANG_WARN_INT_CONVERSION = YES;
				CLANG_WARN_OBJC_ROOT_CLASS = YES_ERROR;
				CLANG_WARN_UNREACHABLE_CODE = YES;
				CLANG_WARN__DUPLICATE_METHOD_MATCH = YES;
				"CODE_SIGN_IDENTITY[sdk=iphoneos*]" = "iPhone Developer";
				COPY_PHASE_STRIP = NO;
				DEBUG_INFORMATION_FORMAT = dwarf;
				ENABLE_STRICT_OBJC_MSGSEND = YES;
				ENABLE_TESTABILITY = YES;
				GCC_C_LANGUAGE_STANDARD = gnu99;
				GCC_DYNAMIC_NO_PIC = NO;
				GCC_NO_COMMON_BLOCKS = YES;
				GCC_OPTIMIZATION_LEVEL = 0;
				GCC_PREPROCESSOR_DEFINITIONS = (
					"DEBUG=1",
					"$(inherited)",
				);
				GCC_WARN_64_TO_32_BIT_CONVERSION = YES;
				GCC_WARN_ABOUT_RETURN_TYPE = YES_ERROR;
				GCC_WARN_UNDECLARED_SELECTOR = YES;
				GCC_WARN_UNINITIALIZED_AUTOS = YES_AGGRESSIVE;
				GCC_WARN_UNUSED_FUNCTION = YES;
				GCC_WARN_UNUSED_VARIABLE = YES;
				IPHONEOS_DEPLOYMENT_TARGET = 9.2;
				MTL_ENABLE_DEBUG_INFO = YES;
				ONLY_ACTIVE_ARCH = YES;
				SDKROOT = iphoneos;
				SWIFT_OPTIMIZATION_LEVEL = "-Onone";
			};
			name = Debug;
		};
		C29CB64E1C5C8AA100212AF7 /* Release */ = {
			isa = XCBuildConfiguration;
			buildSettings = {
				ALWAYS_SEARCH_USER_PATHS = NO;
				CLANG_CXX_LANGUAGE_STANDARD = "gnu++0x";
				CLANG_CXX_LIBRARY = "libc++";
				CLANG_ENABLE_MODULES = YES;
				CLANG_ENABLE_OBJC_ARC = YES;
				CLANG_WARN_BOOL_CONVERSION = YES;
				CLANG_WARN_CONSTANT_CONVERSION = YES;
				CLANG_WARN_DIRECT_OBJC_ISA_USAGE = YES_ERROR;
				CLANG_WARN_EMPTY_BODY = YES;
				CLANG_WARN_ENUM_CONVERSION = YES;
				CLANG_WARN_INT_CONVERSION = YES;
				CLANG_WARN_OBJC_ROOT_CLASS = YES_ERROR;
				CLANG_WARN_UNREACHABLE_CODE = YES;
				CLANG_WARN__DUPLICATE_METHOD_MATCH = YES;
				"CODE_SIGN_IDENTITY[sdk=iphoneos*]" = "iPhone Developer";
				COPY_PHASE_STRIP = NO;
				DEBUG_INFORMATION_FORMAT = "dwarf-with-dsym";
				ENABLE_NS_ASSERTIONS = NO;
				ENABLE_STRICT_OBJC_MSGSEND = YES;
				GCC_C_LANGUAGE_STANDARD = gnu99;
				GCC_NO_COMMON_BLOCKS = YES;
				GCC_WARN_64_TO_32_BIT_CONVERSION = YES;
				GCC_WARN_ABOUT_RETURN_TYPE = YES_ERROR;
				GCC_WARN_UNDECLARED_SELECTOR = YES;
				GCC_WARN_UNINITIALIZED_AUTOS = YES_AGGRESSIVE;
				GCC_WARN_UNUSED_FUNCTION = YES;
				GCC_WARN_UNUSED_VARIABLE = YES;
				IPHONEOS_DEPLOYMENT_TARGET = 9.2;
				MTL_ENABLE_DEBUG_INFO = NO;
				SDKROOT = iphoneos;
				VALIDATE_PRODUCT = YES;
			};
			name = Release;
		};
		C29CB6501C5C8AA100212AF7 /* Debug */ = {
			isa = XCBuildConfiguration;
			baseConfigurationReference = 9604EBA986898AA28FA324AC /* Pods.debug.xcconfig */;
			buildSettings = {
				ASSETCATALOG_COMPILER_APPICON_NAME = AppIcon;
				INFOPLIST_FILE = BondTutorial/Info.plist;
				LD_RUNPATH_SEARCH_PATHS = "$(inherited) @executable_path/Frameworks";
				PRODUCT_BUNDLE_IDENTIFIER = com.hachinobu.BondTutorial;
				PRODUCT_NAME = "$(TARGET_NAME)";
			};
			name = Debug;
		};
		C29CB6511C5C8AA100212AF7 /* Release */ = {
			isa = XCBuildConfiguration;
			baseConfigurationReference = 65670097D86D6C6F01DDED14 /* Pods.release.xcconfig */;
			buildSettings = {
				ASSETCATALOG_COMPILER_APPICON_NAME = AppIcon;
				INFOPLIST_FILE = BondTutorial/Info.plist;
				LD_RUNPATH_SEARCH_PATHS = "$(inherited) @executable_path/Frameworks";
				PRODUCT_BUNDLE_IDENTIFIER = com.hachinobu.BondTutorial;
				PRODUCT_NAME = "$(TARGET_NAME)";
			};
			name = Release;
		};
		C29CB6531C5C8AA100212AF7 /* Debug */ = {
			isa = XCBuildConfiguration;
			buildSettings = {
				BUNDLE_LOADER = "$(TEST_HOST)";
				INFOPLIST_FILE = BondTutorialTests/Info.plist;
				LD_RUNPATH_SEARCH_PATHS = "$(inherited) @executable_path/Frameworks @loader_path/Frameworks";
				PRODUCT_BUNDLE_IDENTIFIER = com.hachinobu.BondTutorialTests;
				PRODUCT_NAME = "$(TARGET_NAME)";
				TEST_HOST = "$(BUILT_PRODUCTS_DIR)/BondTutorial.app/BondTutorial";
			};
			name = Debug;
		};
		C29CB6541C5C8AA100212AF7 /* Release */ = {
			isa = XCBuildConfiguration;
			buildSettings = {
				BUNDLE_LOADER = "$(TEST_HOST)";
				INFOPLIST_FILE = BondTutorialTests/Info.plist;
				LD_RUNPATH_SEARCH_PATHS = "$(inherited) @executable_path/Frameworks @loader_path/Frameworks";
				PRODUCT_BUNDLE_IDENTIFIER = com.hachinobu.BondTutorialTests;
				PRODUCT_NAME = "$(TARGET_NAME)";
				TEST_HOST = "$(BUILT_PRODUCTS_DIR)/BondTutorial.app/BondTutorial";
			};
			name = Release;
		};
/* End XCBuildConfiguration section */

/* Begin XCConfigurationList section */
		C29CB62B1C5C8AA000212AF7 /* Build configuration list for PBXProject "BondTutorial" */ = {
			isa = XCConfigurationList;
			buildConfigurations = (
				C29CB64D1C5C8AA100212AF7 /* Debug */,
				C29CB64E1C5C8AA100212AF7 /* Release */,
			);
			defaultConfigurationIsVisible = 0;
			defaultConfigurationName = Release;
		};
		C29CB64F1C5C8AA100212AF7 /* Build configuration list for PBXNativeTarget "BondTutorial" */ = {
			isa = XCConfigurationList;
			buildConfigurations = (
				C29CB6501C5C8AA100212AF7 /* Debug */,
				C29CB6511C5C8AA100212AF7 /* Release */,
			);
			defaultConfigurationIsVisible = 0;
			defaultConfigurationName = Release;
		};
		C29CB6521C5C8AA100212AF7 /* Build configuration list for PBXNativeTarget "BondTutorialTests" */ = {
			isa = XCConfigurationList;
			buildConfigurations = (
				C29CB6531C5C8AA100212AF7 /* Debug */,
				C29CB6541C5C8AA100212AF7 /* Release */,
			);
			defaultConfigurationIsVisible = 0;
			defaultConfigurationName = Release;
		};
/* End XCConfigurationList section */
	};
	rootObject = C29CB6281C5C8AA000212AF7 /* Project object */;
}
